// !$*UTF8*$!
{
	archiveVersion = 1;
	classes = {
	};
	objectVersion = 46;
	objects = {

/* Begin PBXBuildFile section */
		F898F28F18C1614C00EF2566 /* Foundation.framework in Frameworks */ = {isa = PBXBuildFile; fileRef = F898F28E18C1614C00EF2566 /* Foundation.framework */; };
		F898F29118C1614C00EF2566 /* CoreGraphics.framework in Frameworks */ = {isa = PBXBuildFile; fileRef = F898F29018C1614C00EF2566 /* CoreGraphics.framework */; };
		F898F29318C1614C00EF2566 /* UIKit.framework in Frameworks */ = {isa = PBXBuildFile; fileRef = F898F29218C1614C00EF2566 /* UIKit.framework */; };
		F898F29918C1614C00EF2566 /* InfoPlist.strings in Resources */ = {isa = PBXBuildFile; fileRef = F898F29718C1614C00EF2566 /* InfoPlist.strings */; };
		F898F29B18C1614C00EF2566 /* main.m in Sources */ = {isa = PBXBuildFile; fileRef = F898F29A18C1614C00EF2566 /* main.m */; };
		F898F29F18C1614C00EF2566 /* AppDelegate.m in Sources */ = {isa = PBXBuildFile; fileRef = F898F29E18C1614C00EF2566 /* AppDelegate.m */; };
		F898F2A218C1614C00EF2566 /* Main.storyboard in Resources */ = {isa = PBXBuildFile; fileRef = F898F2A018C1614C00EF2566 /* Main.storyboard */; };
		F898F2A518C1614C00EF2566 /* ViewController.m in Sources */ = {isa = PBXBuildFile; fileRef = F898F2A418C1614C00EF2566 /* ViewController.m */; };
		F898F2A718C1614C00EF2566 /* Images.xcassets in Resources */ = {isa = PBXBuildFile; fileRef = F898F2A618C1614C00EF2566 /* Images.xcassets */; };
/* End PBXBuildFile section */

/* Begin PBXFileReference section */
		F898F28B18C1614C00EF2566 /* URLHandler.app */ = {isa = PBXFileReference; explicitFileType = wrapper.application; includeInIndex = 0; path = URLHandler.app; sourceTree = BUILT_PRODUCTS_DIR; };
		F898F28E18C1614C00EF2566 /* Foundation.framework */ = {isa = PBXFileReference; lastKnownFileType = wrapper.framework; name = Foundation.framework; path = System/Library/Frameworks/Foundation.framework; sourceTree = SDKROOT; };
		F898F29018C1614C00EF2566 /* CoreGraphics.framework */ = {isa = PBXFileReference; lastKnownFileType = wrapper.framework; name = CoreGraphics.framework; path = System/Library/Frameworks/CoreGraphics.framework; sourceTree = SDKROOT; };
		F898F29218C1614C00EF2566 /* UIKit.framework */ = {isa = PBXFileReference; lastKnownFileType = wrapper.framework; name = UIKit.framework; path = System/Library/Frameworks/UIKit.framework; sourceTree = SDKROOT; };
		F898F29618C1614C00EF2566 /* URLHandler-Info.plist */ = {isa = PBXFileReference; lastKnownFileType = text.plist.xml; path = "URLHandler-Info.plist"; sourceTree = "<group>"; };
		F898F29818C1614C00EF2566 /* en */ = {isa = PBXFileReference; lastKnownFileType = text.plist.strings; name = en; path = en.lproj/InfoPlist.strings; sourceTree = "<group>"; };
		F898F29A18C1614C00EF2566 /* main.m */ = {isa = PBXFileReference; lastKnownFileType = sourcecode.c.objc; path = main.m; sourceTree = "<group>"; };
		F898F29C18C1614C00EF2566 /* URLHandler-Prefix.pch */ = {isa = PBXFileReference; lastKnownFileType = sourcecode.c.h; path = "URLHandler-Prefix.pch"; sourceTree = "<group>"; };
		F898F29D18C1614C00EF2566 /* AppDelegate.h */ = {isa = PBXFileReference; lastKnownFileType = sourcecode.c.h; path = AppDelegate.h; sourceTree = "<group>"; };
		F898F29E18C1614C00EF2566 /* AppDelegate.m */ = {isa = PBXFileReference; lastKnownFileType = sourcecode.c.objc; path = AppDelegate.m; sourceTree = "<group>"; };
		F898F2A118C1614C00EF2566 /* Base */ = {isa = PBXFileReference; lastKnownFileType = file.storyboard; name = Base; path = Base.lproj/Main.storyboard; sourceTree = "<group>"; };
		F898F2A318C1614C00EF2566 /* ViewController.h */ = {isa = PBXFileReference; lastKnownFileType = sourcecode.c.h; path = ViewController.h; sourceTree = "<group>"; };
		F898F2A418C1614C00EF2566 /* ViewController.m */ = {isa = PBXFileReference; lastKnownFileType = sourcecode.c.objc; path = ViewController.m; sourceTree = "<group>"; };
		F898F2A618C1614C00EF2566 /* Images.xcassets */ = {isa = PBXFileReference; lastKnownFileType = folder.assetcatalog; path = Images.xcassets; sourceTree = "<group>"; };
		F898F2AD18C1614C00EF2566 /* XCTest.framework */ = {isa = PBXFileReference; lastKnownFileType = wrapper.framework; name = XCTest.framework; path = Library/Frameworks/XCTest.framework; sourceTree = DEVELOPER_DIR; };
/* End PBXFileReference section */

/* Begin PBXFrameworksBuildPhase section */
		F898F28818C1614C00EF2566 /* Frameworks */ = {
			isa = PBXFrameworksBuildPhase;
			buildActionMask = 2147483647;
			files = (
				F898F29118C1614C00EF2566 /* CoreGraphics.framework in Frameworks */,
				F898F29318C1614C00EF2566 /* UIKit.framework in Frameworks */,
				F898F28F18C1614C00EF2566 /* Foundation.framework in Frameworks */,
			);
			runOnlyForDeploymentPostprocessing = 0;
		};
/* End PBXFrameworksBuildPhase section */

/* Begin PBXGroup section */
		F898F28218C1614C00EF2566 = {
			isa = PBXGroup;
			children = (
				F898F29418C1614C00EF2566 /* URLHander */,
				F898F28D18C1614C00EF2566 /* Frameworks */,
				F898F28C18C1614C00EF2566 /* Products */,
			);
			sourceTree = "<group>";
		};
		F898F28C18C1614C00EF2566 /* Products */ = {
			isa = PBXGroup;
			children = (
				F898F28B18C1614C00EF2566 /* URLHandler.app */,
			);
			name = Products;
			sourceTree = "<group>";
		};
		F898F28D18C1614C00EF2566 /* Frameworks */ = {
			isa = PBXGroup;
			children = (
				F898F28E18C1614C00EF2566 /* Foundation.framework */,
				F898F29018C1614C00EF2566 /* CoreGraphics.framework */,
				F898F29218C1614C00EF2566 /* UIKit.framework */,
				F898F2AD18C1614C00EF2566 /* XCTest.framework */,
			);
			name = Frameworks;
			sourceTree = "<group>";
		};
		F898F29418C1614C00EF2566 /* URLHander */ = {
			isa = PBXGroup;
			children = (
				F898F29D18C1614C00EF2566 /* AppDelegate.h */,
				F898F29E18C1614C00EF2566 /* AppDelegate.m */,
				F898F2A018C1614C00EF2566 /* Main.storyboard */,
				F898F2A318C1614C00EF2566 /* ViewController.h */,
				F898F2A418C1614C00EF2566 /* ViewController.m */,
				F898F2A618C1614C00EF2566 /* Images.xcassets */,
				F898F29518C1614C00EF2566 /* Supporting Files */,
			);
			name = URLHander;
			path = URLHandler;
			sourceTree = "<group>";
		};
		F898F29518C1614C00EF2566 /* Supporting Files */ = {
			isa = PBXGroup;
			children = (
				F898F29618C1614C00EF2566 /* URLHandler-Info.plist */,
				F898F29718C1614C00EF2566 /* InfoPlist.strings */,
				F898F29A18C1614C00EF2566 /* main.m */,
				F898F29C18C1614C00EF2566 /* URLHandler-Prefix.pch */,
			);
			name = "Supporting Files";
			sourceTree = "<group>";
		};
/* End PBXGroup section */

/* Begin PBXNativeTarget section */
		F898F28A18C1614C00EF2566 /* URLHandler */ = {
			isa = PBXNativeTarget;
			buildConfigurationList = F898F2BD18C1614C00EF2566 /* Build configuration list for PBXNativeTarget "URLHandler" */;
			buildPhases = (
				F898F28718C1614C00EF2566 /* Sources */,
				F898F28818C1614C00EF2566 /* Frameworks */,
				F898F28918C1614C00EF2566 /* Resources */,
			);
			buildRules = (
			);
			dependencies = (
			);
			name = URLHandler;
			productName = URLHandler;
			productReference = F898F28B18C1614C00EF2566 /* URLHandler.app */;
			productType = "com.apple.product-type.application";
		};
/* End PBXNativeTarget section */

/* Begin PBXProject section */
		F898F28318C1614C00EF2566 /* Project object */ = {
			isa = PBXProject;
			attributes = {
				LastUpgradeCheck = 0510;
				ORGANIZATIONNAME = "@phatblat";
			};
			buildConfigurationList = F898F28618C1614C00EF2566 /* Build configuration list for PBXProject "URLHandler" */;
			compatibilityVersion = "Xcode 3.2";
			developmentRegion = English;
			hasScannedForEncodings = 0;
			knownRegions = (
				en,
				Base,
			);
			mainGroup = F898F28218C1614C00EF2566;
			productRefGroup = F898F28C18C1614C00EF2566 /* Products */;
			projectDirPath = "";
			projectRoot = "";
			targets = (
				F898F28A18C1614C00EF2566 /* URLHandler */,
			);
		};
/* End PBXProject section */

/* Begin PBXResourcesBuildPhase section */
		F898F28918C1614C00EF2566 /* Resources */ = {
			isa = PBXResourcesBuildPhase;
			buildActionMask = 2147483647;
			files = (
				F898F2A718C1614C00EF2566 /* Images.xcassets in Resources */,
				F898F29918C1614C00EF2566 /* InfoPlist.strings in Resources */,
				F898F2A218C1614C00EF2566 /* Main.storyboard in Resources */,
			);
			runOnlyForDeploymentPostprocessing = 0;
		};
/* End PBXResourcesBuildPhase section */

/* Begin PBXSourcesBuildPhase section */
		F898F28718C1614C00EF2566 /* Sources */ = {
			isa = PBXSourcesBuildPhase;
			buildActionMask = 2147483647;
			files = (
				F898F2A518C1614C00EF2566 /* ViewController.m in Sources */,
				F898F29F18C1614C00EF2566 /* AppDelegate.m in Sources */,
				F898F29B18C1614C00EF2566 /* main.m in Sources */,
			);
			runOnlyForDeploymentPostprocessing = 0;
		};
/* End PBXSourcesBuildPhase section */

/* Begin PBXVariantGroup section */
		F898F29718C1614C00EF2566 /* InfoPlist.strings */ = {
			isa = PBXVariantGroup;
			children = (
				F898F29818C1614C00EF2566 /* en */,
			);
			name = InfoPlist.strings;
			sourceTree = "<group>";
		};
		F898F2A018C1614C00EF2566 /* Main.storyboard */ = {
			isa = PBXVariantGroup;
			children = (
				F898F2A118C1614C00EF2566 /* Base */,
			);
			name = Main.storyboard;
			sourceTree = "<group>";
		};
/* End PBXVariantGroup section */

/* Begin XCBuildConfiguration section */
		F898F2BB18C1614C00EF2566 /* Debug */ = {
			isa = XCBuildConfiguration;
			buildSettings = {
				ALWAYS_SEARCH_USER_PATHS = NO;
				CLANG_CXX_LANGUAGE_STANDARD = "gnu++0x";
				CLANG_CXX_LIBRARY = "libc++";
				CLANG_ENABLE_MODULES = YES;
				CLANG_ENABLE_OBJC_ARC = YES;
				CLANG_WARN_BOOL_CONVERSION = YES;
				CLANG_WARN_CONSTANT_CONVERSION = YES;
				CLANG_WARN_DIRECT_OBJC_ISA_USAGE = YES_ERROR;
				CLANG_WARN_EMPTY_BODY = YES;
				CLANG_WARN_ENUM_CONVERSION = YES;
				CLANG_WARN_INT_CONVERSION = YES;
				CLANG_WARN_OBJC_ROOT_CLASS = YES_ERROR;
				CLANG_WARN__DUPLICATE_METHOD_MATCH = YES;
				"CODE_SIGN_IDENTITY[sdk=iphoneos*]" = "iPhone Developer";
				COPY_PHASE_STRIP = NO;
				GCC_C_LANGUAGE_STANDARD = gnu99;
				GCC_DYNAMIC_NO_PIC = NO;
				GCC_OPTIMIZATION_LEVEL = 0;
				GCC_PREPROCESSOR_DEFINITIONS = (
					"DEBUG=1",
					"$(inherited)",
				);
				GCC_SYMBOLS_PRIVATE_EXTERN = NO;
				GCC_WARN_64_TO_32_BIT_CONVERSION = YES;
				GCC_WARN_ABOUT_RETURN_TYPE = YES_ERROR;
				GCC_WARN_UNDECLARED_SELECTOR = YES;
				GCC_WARN_UNINITIALIZED_AUTOS = YES_AGGRESSIVE;
				GCC_WARN_UNUSED_FUNCTION = YES;
				GCC_WARN_UNUSED_VARIABLE = YES;
				IPHONEOS_DEPLOYMENT_TARGET = 7.1;
				ONLY_ACTIVE_ARCH = YES;
				SDKROOT = iphoneos;
			};
			name = Debug;
		};
		F898F2BC18C1614C00EF2566 /* Release */ = {
			isa = XCBuildConfiguration;
			buildSettings = {
				ALWAYS_SEARCH_USER_PATHS = NO;
				CLANG_CXX_LANGUAGE_STANDARD = "gnu++0x";
				CLANG_CXX_LIBRARY = "libc++";
				CLANG_ENABLE_MODULES = YES;
				CLANG_ENABLE_OBJC_ARC = YES;
				CLANG_WARN_BOOL_CONVERSION = YES;
				CLANG_WARN_CONSTANT_CONVERSION = YES;
				CLANG_WARN_DIRECT_OBJC_ISA_USAGE = YES_ERROR;
				CLANG_WARN_EMPTY_BODY = YES;
				CLANG_WARN_ENUM_CONVERSION = YES;
				CLANG_WARN_INT_CONVERSION = YES;
				CLANG_WARN_OBJC_ROOT_CLASS = YES_ERROR;
				CLANG_WARN__DUPLICATE_METHOD_MATCH = YES;
				"CODE_SIGN_IDENTITY[sdk=iphoneos*]" = "iPhone Developer";
				COPY_PHASE_STRIP = YES;
				ENABLE_NS_ASSERTIONS = NO;
				GCC_C_LANGUAGE_STANDARD = gnu99;
				GCC_WARN_64_TO_32_BIT_CONVERSION = YES;
				GCC_WARN_ABOUT_RETURN_TYPE = YES_ERROR;
				GCC_WARN_UNDECLARED_SELECTOR = YES;
				GCC_WARN_UNINITIALIZED_AUTOS = YES_AGGRESSIVE;
				GCC_WARN_UNUSED_FUNCTION = YES;
				GCC_WARN_UNUSED_VARIABLE = YES;
				IPHONEOS_DEPLOYMENT_TARGET = 7.1;
				SDKROOT = iphoneos;
				VALIDATE_PRODUCT = YES;
			};
			name = Release;
		};
		F898F2BE18C1614C00EF2566 /* Debug */ = {
			isa = XCBuildConfiguration;
			buildSettings = {
				ASSETCATALOG_COMPILER_APPICON_NAME = AppIcon;
				ASSETCATALOG_COMPILER_LAUNCHIMAGE_NAME = LaunchImage;
				GCC_PRECOMPILE_PREFIX_HEADER = YES;
				GCC_PREFIX_HEADER = "URLHandler/URLHandler-Prefix.pch";
				INFOPLIST_FILE = "URLHandler/URLHandler-Info.plist";
				IPHONEOS_DEPLOYMENT_TARGET = 7.0;
				PRODUCT_NAME = "$(TARGET_NAME)";
				WRAPPER_EXTENSION = app;
			};
			name = Debug;
		};
		F898F2BF18C1614C00EF2566 /* Release */ = {
			isa = XCBuildConfiguration;
			buildSettings = {
				ASSETCATALOG_COMPILER_APPICON_NAME = AppIcon;
				ASSETCATALOG_COMPILER_LAUNCHIMAGE_NAME = LaunchImage;
				GCC_PRECOMPILE_PREFIX_HEADER = YES;
				GCC_PREFIX_HEADER = "URLHandler/URLHandler-Prefix.pch";
				INFOPLIST_FILE = "URLHandler/URLHandler-Info.plist";
				IPHONEOS_DEPLOYMENT_TARGET = 7.0;
				PRODUCT_NAME = "$(TARGET_NAME)";
				WRAPPER_EXTENSION = app;
			};
			name = Release;
		};
/* End XCBuildConfiguration section */

/* Begin XCConfigurationList section */
		F898F28618C1614C00EF2566 /* Build configuration list for PBXProject "URLHandler" */ = {
			isa = XCConfigurationList;
			buildConfigurations = (
				F898F2BB18C1614C00EF2566 /* Debug */,
				F898F2BC18C1614C00EF2566 /* Release */,
			);
			defaultConfigurationIsVisible = 0;
			defaultConfigurationName = Release;
		};
		F898F2BD18C1614C00EF2566 /* Build configuration list for PBXNativeTarget "URLHandler" */ = {
			isa = XCConfigurationList;
			buildConfigurations = (
				F898F2BE18C1614C00EF2566 /* Debug */,
				F898F2BF18C1614C00EF2566 /* Release */,
			);
			defaultConfigurationIsVisible = 0;
			defaultConfigurationName = Release;
		};
/* End XCConfigurationList section */
	};
	rootObject = F898F28318C1614C00EF2566 /* Project object */;
}
